
Microsoft Visual Studio Solution File, Format Version 12.00
# Visual Studio Version 17
VisualStudioVersion = 17.9.34616.47
MinimumVisualStudioVersion = 10.0.40219.1
Project("{FAE04EC0-301F-11D3-BF4B-00C04F79EFBC}") = "Petfolio.API", "Petfolio.API\Petfolio.API.csproj", "{B23DE0EF-B32B-4829-B9A4-B11752C8A981}"
EndProject
Global
	GlobalSection(SolutionConfigurationPlatforms) = preSolution
		Debug|Any CPU = Debug|Any CPU
		Release|Any CPU = Release|Any CPU
	EndGlobalSection
	GlobalSection(ProjectConfigurationPlatforms) = postSolution
		{B23DE0EF-B32B-4829-B9A4-B11752C8A981}.Debug|Any CPU.ActiveCfg = Debug|Any CPU
		{B23DE0EF-B32B-4829-B9A4-B11752C8A981}.Debug|Any CPU.Build.0 = Debug|Any CPU
		{B23DE0EF-B32B-4829-B9A4-B11752C8A981}.Release|Any CPU.ActiveCfg = Release|Any CPU
		{B23DE0EF-B32B-4829-B9A4-B11752C8A981}.Release|Any CPU.Build.0 = Release|Any CPU
	EndGlobalSection
	GlobalSection(SolutionProperties) = preSolution
		HideSolutionNode = FALSE
	EndGlobalSection
	GlobalSection(ExtensibilityGlobals) = postSolution
		SolutionGuid = {54A8BB64-06E9-43C7-B5B6-03DCE7C633D8}
	EndGlobalSection
EndGlobal
